
Microsoft Visual Studio Solution File, Format Version 12.00
# Visual Studio Version 16
VisualStudioVersion = 16.0.30717.126
MinimumVisualStudioVersion = 10.0.40219.1
Project("{9A19103F-16F7-4668-BE54-9A1E7A4F7556}") = "Roomies.API", "Roomies.API.csproj", "{AD75C004-22B6-4089-BC17-4D1212894903}"
EndProject
Project("{FAE04EC0-301F-11D3-BF4B-00C04F79EFBC}") = "Roomies.API.Test", "..\Roomies.API.Test\Roomies.API.Test.csproj", "{6023291E-3FD7-4D04-A75B-C9BC95D3BC8E}"
EndProject
Project("{FAE04EC0-301F-11D3-BF4B-00C04F79EFBC}") = "SpecFlowProject", "..\SpecFlowProject\SpecFlowProject.csproj", "{CDB90715-1E28-4CCD-8D6B-55FCD8B3757A}"
EndProject
Global
	GlobalSection(SolutionConfigurationPlatforms) = preSolution
		Debug|Any CPU = Debug|Any CPU
		Release|Any CPU = Release|Any CPU
	EndGlobalSection
	GlobalSection(ProjectConfigurationPlatforms) = postSolution
		{AD75C004-22B6-4089-BC17-4D1212894903}.Debug|Any CPU.ActiveCfg = Debug|Any CPU
		{AD75C004-22B6-4089-BC17-4D1212894903}.Debug|Any CPU.Build.0 = Debug|Any CPU
		{AD75C004-22B6-4089-BC17-4D1212894903}.Release|Any CPU.ActiveCfg = Release|Any CPU
		{AD75C004-22B6-4089-BC17-4D1212894903}.Release|Any CPU.Build.0 = Release|Any CPU
		{6023291E-3FD7-4D04-A75B-C9BC95D3BC8E}.Debug|Any CPU.ActiveCfg = Debug|Any CPU
		{6023291E-3FD7-4D04-A75B-C9BC95D3BC8E}.Debug|Any CPU.Build.0 = Debug|Any CPU
		{6023291E-3FD7-4D04-A75B-C9BC95D3BC8E}.Release|Any CPU.ActiveCfg = Release|Any CPU
		{6023291E-3FD7-4D04-A75B-C9BC95D3BC8E}.Release|Any CPU.Build.0 = Release|Any CPU
		{CDB90715-1E28-4CCD-8D6B-55FCD8B3757A}.Debug|Any CPU.ActiveCfg = Debug|Any CPU
		{CDB90715-1E28-4CCD-8D6B-55FCD8B3757A}.Debug|Any CPU.Build.0 = Debug|Any CPU
		{CDB90715-1E28-4CCD-8D6B-55FCD8B3757A}.Release|Any CPU.ActiveCfg = Release|Any CPU
		{CDB90715-1E28-4CCD-8D6B-55FCD8B3757A}.Release|Any CPU.Build.0 = Release|Any CPU
	EndGlobalSection
	GlobalSection(SolutionProperties) = preSolution
		HideSolutionNode = FALSE
	EndGlobalSection
	GlobalSection(ExtensibilityGlobals) = postSolution
		SolutionGuid = {2BBAEBB0-EBEA-4C01-B8B7-9876B7219809}
	EndGlobalSection
EndGlobal
